{
  "name": "express-authorshaven",
  "version": "1.0.0",
  "lockfileVersion": 1,
  "requires": true,
  "dependencies": {
    "swagger-ui-dist": {
      "version": "3.23.5",
      "resolved": "https://registry.npmjs.org/swagger-ui-dist/-/swagger-ui-dist-3.23.5.tgz",
      "integrity": "sha512-fsCF3wR0kBF5G7yF8uD5kALSbo2TjpfdheXWnrmxD2/d/8bgKDlUVoqO4gMNrZRQOEbyXCexZiU9geMNspWWyA=="
    },
    "swagger-ui-express": {
      "version": "4.0.7",
      "resolved": "https://registry.npmjs.org/swagger-ui-express/-/swagger-ui-express-4.0.7.tgz",
      "integrity": "sha512-ipXe53qDMjB2GlFcWARof15fMxX0n0wkwUturBpdovfJLaqod3WAqimwQGFXjwpWKA6hnxEPrd31yOzaYkP++A==",
      "requires": {
        "swagger-ui-dist": "^3.18.1"
      }
    }
  }
}
